
Microsoft Visual Studio Solution File, Format Version 12.00
# Visual Studio Version 17
VisualStudioVersion = 17.4.33103.184
MinimumVisualStudioVersion = 10.0.40219.1
Project("{9A19103F-16F7-4668-BE54-9A1E7A4F7556}") = "NLayerApp.Core", "NLayerApp.Core\NLayerApp.Core.csproj", "{B43FBD9F-468E-44FC-A31D-3333D05E5942}"
EndProject
Project("{9A19103F-16F7-4668-BE54-9A1E7A4F7556}") = "NLayerApp.Repository", "NLayerApp.Repository\NLayerApp.Repository.csproj", "{035C640D-9D1A-4F51-B52B-947B5CE50ACF}"
EndProject
Project("{9A19103F-16F7-4668-BE54-9A1E7A4F7556}") = "NLayerApp.Service", "NLayerApp.Service\NLayerApp.Service.csproj", "{63C11BCC-15F5-4941-8551-BEE5BB8C7DE3}"
EndProject
Project("{9A19103F-16F7-4668-BE54-9A1E7A4F7556}") = "NLayerApp.API", "NLayerApp.API\NLayerApp.API.csproj", "{9555E601-F76B-4E56-AA84-DFA52CA46C64}"
EndProject
Project("{FAE04EC0-301F-11D3-BF4B-00C04F79EFBC}") = "NLayerApp.Caching", "NLayerApp.Caching\NLayerApp.Caching.csproj", "{23667E22-92D5-47C4-ACA5-38F3C49C1289}"
EndProject
Project("{FAE04EC0-301F-11D3-BF4B-00C04F79EFBC}") = "NLayerApp.Web", "NLayerApp.Web\NLayerApp.Web.csproj", "{D08AA220-5712-4913-9D1B-7B5C2273AB91}"
EndProject
Global
	GlobalSection(SolutionConfigurationPlatforms) = preSolution
		Debug|Any CPU = Debug|Any CPU
		Release|Any CPU = Release|Any CPU
	EndGlobalSection
	GlobalSection(ProjectConfigurationPlatforms) = postSolution
		{B43FBD9F-468E-44FC-A31D-3333D05E5942}.Debug|Any CPU.ActiveCfg = Debug|Any CPU
		{B43FBD9F-468E-44FC-A31D-3333D05E5942}.Debug|Any CPU.Build.0 = Debug|Any CPU
		{B43FBD9F-468E-44FC-A31D-3333D05E5942}.Release|Any CPU.ActiveCfg = Release|Any CPU
		{B43FBD9F-468E-44FC-A31D-3333D05E5942}.Release|Any CPU.Build.0 = Release|Any CPU
		{035C640D-9D1A-4F51-B52B-947B5CE50ACF}.Debug|Any CPU.ActiveCfg = Debug|Any CPU
		{035C640D-9D1A-4F51-B52B-947B5CE50ACF}.Debug|Any CPU.Build.0 = Debug|Any CPU
		{035C640D-9D1A-4F51-B52B-947B5CE50ACF}.Release|Any CPU.ActiveCfg = Release|Any CPU
		{035C640D-9D1A-4F51-B52B-947B5CE50ACF}.Release|Any CPU.Build.0 = Release|Any CPU
		{63C11BCC-15F5-4941-8551-BEE5BB8C7DE3}.Debug|Any CPU.ActiveCfg = Debug|Any CPU
		{63C11BCC-15F5-4941-8551-BEE5BB8C7DE3}.Debug|Any CPU.Build.0 = Debug|Any CPU
		{63C11BCC-15F5-4941-8551-BEE5BB8C7DE3}.Release|Any CPU.ActiveCfg = Release|Any CPU
		{63C11BCC-15F5-4941-8551-BEE5BB8C7DE3}.Release|Any CPU.Build.0 = Release|Any CPU
		{9555E601-F76B-4E56-AA84-DFA52CA46C64}.Debug|Any CPU.ActiveCfg = Debug|Any CPU
		{9555E601-F76B-4E56-AA84-DFA52CA46C64}.Debug|Any CPU.Build.0 = Debug|Any CPU
		{9555E601-F76B-4E56-AA84-DFA52CA46C64}.Release|Any CPU.ActiveCfg = Release|Any CPU
		{9555E601-F76B-4E56-AA84-DFA52CA46C64}.Release|Any CPU.Build.0 = Release|Any CPU
		{23667E22-92D5-47C4-ACA5-38F3C49C1289}.Debug|Any CPU.ActiveCfg = Debug|Any CPU
		{23667E22-92D5-47C4-ACA5-38F3C49C1289}.Debug|Any CPU.Build.0 = Debug|Any CPU
		{23667E22-92D5-47C4-ACA5-38F3C49C1289}.Release|Any CPU.ActiveCfg = Release|Any CPU
		{23667E22-92D5-47C4-ACA5-38F3C49C1289}.Release|Any CPU.Build.0 = Release|Any CPU
		{D08AA220-5712-4913-9D1B-7B5C2273AB91}.Debug|Any CPU.ActiveCfg = Debug|Any CPU
		{D08AA220-5712-4913-9D1B-7B5C2273AB91}.Debug|Any CPU.Build.0 = Debug|Any CPU
		{D08AA220-5712-4913-9D1B-7B5C2273AB91}.Release|Any CPU.ActiveCfg = Release|Any CPU
		{D08AA220-5712-4913-9D1B-7B5C2273AB91}.Release|Any CPU.Build.0 = Release|Any CPU
	EndGlobalSection
	GlobalSection(SolutionProperties) = preSolution
		HideSolutionNode = FALSE
	EndGlobalSection
	GlobalSection(ExtensibilityGlobals) = postSolution
		SolutionGuid = {B0127B4E-1589-4CF0-97CF-06E2E5238962}
	EndGlobalSection
EndGlobal
